<?xml version="1.0" encoding="utf-8"?>
<Project ToolsVersion="4.0" xmlns="http://schemas.microsoft.com/developer/msbuild/2003">
  <ItemGroup>
    <Filter Include="Source Files">
      <UniqueIdentifier>{4FC737F1-C7A5-4376-A066-2A32D752A2FF}</UniqueIdentifier>
      <Extensions>cpp;c;cc;cxx;c++;cppm;ixx;def;odl;idl;hpj;bat;asm;asmx</Extensions>
    </Filter>
    <Filter Include="Header Files">
      <UniqueIdentifier>{93995380-89BD-4b04-88EB-625FBE52EBFB}</UniqueIdentifier>
      <Extensions>h;hh;hpp;hxx;h++;hm;inl;inc;ipp;xsd</Extensions>
    </Filter>
    <Filter Include="Resource Files">
      <UniqueIdentifier>{67DA6AB6-F800-4c08-8B7A-83BB121AAD01}</UniqueIdentifier>
      <Extensions>rc;ico;cur;bmp;dlg;rc2;rct;bin;rgs;gif;jpg;jpeg;jpe;resx;tiff;tif;png;wav;mfcribbon-ms</Extensions>
    </Filter>
  </ItemGroup>
  <ItemGroup>
    <ClInclude Include="Book.hpp">
      <Filter>Header Files</Filter>
    </ClInclude>
    <ClInclude Include="Dependencies\sqlite3\sqlite3.h">
      <Filter>Resource Files</Filter>
    </ClInclude>
    <ClInclude Include="Dependencies\sqlite3\sqlite3ext.h">
      <Filter>Resource Files</Filter>
    </ClInclude>
    <ClInclude Include="Config.h">
      <Filter>Header Files</Filter>
    </ClInclude>
    <ClInclude Include="HomePage.hpp">
      <Filter>Header Files</Filter>
    </ClInclude>
    <ClInclude Include="PageManager.hpp">
      <Filter>Header Files</Filter>
    </ClInclude>
    <ClInclude Include="Widgets.hpp">
      <Filter>Header Files</Filter>
    </ClInclude>
    <ClInclude Include="SearchPage.hpp">
      <Filter>Header Files</Filter>
    </ClInclude>
    <ClInclude Include="User.hpp">
      <Filter>Header Files</Filter>
    </ClInclude>
    <ClInclude Include="LoginPage.hpp">
      <Filter>Header Files</Filter>
    </ClInclude>
    <ClInclude Include="Utils.hpp">
      <Filter>Header Files</Filter>
    </ClInclude>
    <ClInclude Include="BorrowBookDetail.hpp">
      <Filter>Header Files</Filter>
    </ClInclude>
    <ClInclude Include="RecordsPage.hpp">
      <Filter>Header Files</Filter>
    </ClInclude>
    <ClInclude Include="StatisticsPage.hpp">
      <Filter>Header Files</Filter>
    </ClInclude>
    <ClInclude Include="SettingPage.hpp">
      <Filter>Header Files</Filter>
    </ClInclude>
    <ClInclude Include="Dependencies\Bcrypt\bcrypt.h">
      <Filter>Resource Files</Filter>
    </ClInclude>
    <ClInclude Include="Dependencies\Bcrypt\BCrypt.hpp">
      <Filter>Resource Files</Filter>
    </ClInclude>
    <ClInclude Include="Dependencies\Bcrypt\crypt.h">
      <Filter>Resource Files</Filter>
    </ClInclude>
    <ClInclude Include="Dependencies\Bcrypt\crypt_blowfish.h">
      <Filter>Resource Files</Filter>
    </ClInclude>
    <ClInclude Include="Dependencies\Bcrypt\crypt_gensalt.h">
      <Filter>Resource Files</Filter>
    </ClInclude>
    <ClInclude Include="Dependencies\Bcrypt\ow-crypt.h">
      <Filter>Resource Files</Filter>
    </ClInclude>
    <ClInclude Include="Dependencies\Bcrypt\winbcrypt.h">
      <Filter>Resource Files</Filter>
    </ClInclude>
    <ClInclude Include="SignupPage.hpp">
      <Filter>Header Files</Filter>
    </ClInclude>
    <ClInclude Include="UserInfo.hpp">
      <Filter>Header Files</Filter>
    </ClInclude>
  </ItemGroup>
  <ItemGroup>
    <ClCompile Include="main.cpp">
      <Filter>Source Files</Filter>
    </ClCompile>
    <ClCompile Include="Dependencies\sqlite3\shell.c">
      <Filter>Resource Files</Filter>
    </ClCompile>
    <ClCompile Include="Dependencies\sqlite3\sqlite3.c">
      <Filter>Resource Files</Filter>
    </ClCompile>
    <ClCompile Include="PageManager.cpp">
      <Filter>Source Files</Filter>
    </ClCompile>
    <ClCompile Include="HomePage.cpp">
      <Filter>Source Files</Filter>
    </ClCompile>
    <ClCompile Include="Widgets.cpp">
      <Filter>Source Files</Filter>
    </ClCompile>
    <ClCompile Include="PageBase.hpp">
      <Filter>Header Files</Filter>
    </ClCompile>
    <ClCompile Include="SearchPage.cpp">
      <Filter>Source Files</Filter>
    </ClCompile>
    <ClCompile Include="User.cpp">
      <Filter>Source Files</Filter>
    </ClCompile>
    <ClCompile Include="PageBase.cpp">
      <Filter>Source Files</Filter>
    </ClCompile>
    <ClCompile Include="LoginPage.cpp">
      <Filter>Source Files</Filter>
    </ClCompile>
    <ClCompile Include="Utils.cpp">
      <Filter>Source Files</Filter>
    </ClCompile>
    <ClCompile Include="Book.cpp">
      <Filter>Source Files</Filter>
    </ClCompile>
    <ClCompile Include="BorrowBookDetail.cpp">
      <Filter>Source Files</Filter>
    </ClCompile>
    <ClCompile Include="RecordsPage.cpp">
      <Filter>Source Files</Filter>
    </ClCompile>
    <ClCompile Include="StatisticsPage.cpp">
      <Filter>Source Files</Filter>
    </ClCompile>
    <ClCompile Include="SettingPage.cpp">
      <Filter>Source Files</Filter>
    </ClCompile>
    <ClCompile Include="Dependencies\Bcrypt\bcrypt.c">
      <Filter>Resource Files</Filter>
    </ClCompile>
    <ClCompile Include="Dependencies\Bcrypt\crypt_blowfish.c">
      <Filter>Resource Files</Filter>
    </ClCompile>
    <ClCompile Include="Dependencies\Bcrypt\crypt_gensalt.c">
      <Filter>Resource Files</Filter>
    </ClCompile>
    <ClCompile Include="Dependencies\Bcrypt\wrapper.c">
      <Filter>Resource Files</Filter>
    </ClCompile>
    <ClCompile Include="SignupPage.cpp">
      <Filter>Source Files</Filter>
    </ClCompile>
    <ClCompile Include="UserInfo.cpp">
      <Filter>Source Files</Filter>
    </ClCompile>
  </ItemGroup>
  <ItemGroup>
    <None Include="Dependencies\sqlite3\sqlite3.def">
      <Filter>Resource Files</Filter>
    </None>
    <None Include="Dependencies\sqlite3\sqlite3.dll">
      <Filter>Resource Files</Filter>
    </None>
    <None Include="Dependencies\sqlite3\sqlite3.exp">
      <Filter>Resource Files</Filter>
    </None>
  </ItemGroup>
  <ItemGroup>
    <Library Include="Dependencies\sqlite3\sqlite3.lib">
      <Filter>Resource Files</Filter>
    </Library>
  </ItemGroup>
  <ItemGroup>
    <Image Include="Image\HomePage.png">
      <Filter>Resource Files</Filter>
    </Image>
  </ItemGroup>
</Project>